
Microsoft Visual Studio Solution File, Format Version 12.00
# Visual Studio Version 17
VisualStudioVersion = 17.5.002.0
MinimumVisualStudioVersion = 10.0.40219.1
Project("{9A19103F-16F7-4668-BE54-9A1E7A4F7556}") = "sharpie", "sharpie\sharpie.csproj", "{02F98E20-FAF8-46EF-93B3-0F5B17301391}"
EndProject
Global
	GlobalSection(SolutionConfigurationPlatforms) = preSolution
		Debug|Any CPU = Debug|Any CPU
		Release|Any CPU = Release|Any CPU
	EndGlobalSection
	GlobalSection(ProjectConfigurationPlatforms) = postSolution
		{02F98E20-FAF8-46EF-93B3-0F5B17301391}.Debug|Any CPU.ActiveCfg = Debug|Any CPU
		{02F98E20-FAF8-46EF-93B3-0F5B17301391}.Debug|Any CPU.Build.0 = Debug|Any CPU
		{02F98E20-FAF8-46EF-93B3-0F5B17301391}.Release|Any CPU.ActiveCfg = Release|Any CPU
		{02F98E20-FAF8-46EF-93B3-0F5B17301391}.Release|Any CPU.Build.0 = Release|Any CPU
	EndGlobalSection
	GlobalSection(SolutionProperties) = preSolution
		HideSolutionNode = FALSE
	EndGlobalSection
	GlobalSection(ExtensibilityGlobals) = postSolution
		SolutionGuid = {AFE5A5D3-F532-42EF-959E-F6408A1CCA01}
	EndGlobalSection
EndGlobal
